// !$*UTF8*$!
{
	archiveVersion = 1;
	classes = {
	};
	objectVersion = 56;
	objects = {

/* Begin PBXBuildFile section */
		779B1F702C07396700117C6E /* AppDelegate.swift in Sources */ = {isa = PBXBuildFile; fileRef = 779B1F6F2C07396700117C6E /* AppDelegate.swift */; };
		779B1F722C07396700117C6E /* SceneDelegate.swift in Sources */ = {isa = PBXBuildFile; fileRef = 779B1F712C07396700117C6E /* SceneDelegate.swift */; };
		779B1F742C07396700117C6E /* HomePageVC.swift in Sources */ = {isa = PBXBuildFile; fileRef = 779B1F732C07396700117C6E /* HomePageVC.swift */; };
		779B1F772C07396700117C6E /* Main.storyboard in Resources */ = {isa = PBXBuildFile; fileRef = 779B1F752C07396700117C6E /* Main.storyboard */; };
		779B1F792C07396800117C6E /* Assets.xcassets in Resources */ = {isa = PBXBuildFile; fileRef = 779B1F782C07396800117C6E /* Assets.xcassets */; };
		779B1F7C2C07396800117C6E /* LaunchScreen.storyboard in Resources */ = {isa = PBXBuildFile; fileRef = 779B1F7A2C07396800117C6E /* LaunchScreen.storyboard */; };
		779B1F842C073BE500117C6E /* AddPersonVC.swift in Sources */ = {isa = PBXBuildFile; fileRef = 779B1F832C073BE500117C6E /* AddPersonVC.swift */; };
		779B1F862C073BF600117C6E /* PersonDetailVC.swift in Sources */ = {isa = PBXBuildFile; fileRef = 779B1F852C073BF600117C6E /* PersonDetailVC.swift */; };
		779B1F882C073C2500117C6E /* ContactCell.swift in Sources */ = {isa = PBXBuildFile; fileRef = 779B1F872C073C2500117C6E /* ContactCell.swift */; };
		779B1F8A2C073C3400117C6E /* Contact.swift in Sources */ = {isa = PBXBuildFile; fileRef = 779B1F892C073C3400117C6E /* Contact.swift */; };
/* End PBXBuildFile section */

/* Begin PBXFileReference section */
		779B1F6C2C07396700117C6E /* ContactsApp_Firestore.app */ = {isa = PBXFileReference; explicitFileType = wrapper.application; includeInIndex = 0; path = ContactsApp_Firestore.app; sourceTree = BUILT_PRODUCTS_DIR; };
		779B1F6F2C07396700117C6E /* AppDelegate.swift */ = {isa = PBXFileReference; lastKnownFileType = sourcecode.swift; path = AppDelegate.swift; sourceTree = "<group>"; };
		779B1F712C07396700117C6E /* SceneDelegate.swift */ = {isa = PBXFileReference; lastKnownFileType = sourcecode.swift; path = SceneDelegate.swift; sourceTree = "<group>"; };
		779B1F732C07396700117C6E /* HomePageVC.swift */ = {isa = PBXFileReference; lastKnownFileType = sourcecode.swift; path = HomePageVC.swift; sourceTree = "<group>"; };
		779B1F762C07396700117C6E /* Base */ = {isa = PBXFileReference; lastKnownFileType = file.storyboard; name = Base; path = Base.lproj/Main.storyboard; sourceTree = "<group>"; };
		779B1F782C07396800117C6E /* Assets.xcassets */ = {isa = PBXFileReference; lastKnownFileType = folder.assetcatalog; path = Assets.xcassets; sourceTree = "<group>"; };
		779B1F7B2C07396800117C6E /* Base */ = {isa = PBXFileReference; lastKnownFileType = file.storyboard; name = Base; path = Base.lproj/LaunchScreen.storyboard; sourceTree = "<group>"; };
		779B1F7D2C07396800117C6E /* Info.plist */ = {isa = PBXFileReference; lastKnownFileType = text.plist.xml; path = Info.plist; sourceTree = "<group>"; };
		779B1F832C073BE500117C6E /* AddPersonVC.swift */ = {isa = PBXFileReference; lastKnownFileType = sourcecode.swift; path = AddPersonVC.swift; sourceTree = "<group>"; };
		779B1F852C073BF600117C6E /* PersonDetailVC.swift */ = {isa = PBXFileReference; lastKnownFileType = sourcecode.swift; path = PersonDetailVC.swift; sourceTree = "<group>"; };
		779B1F872C073C2500117C6E /* ContactCell.swift */ = {isa = PBXFileReference; lastKnownFileType = sourcecode.swift; path = ContactCell.swift; sourceTree = "<group>"; };
		779B1F892C073C3400117C6E /* Contact.swift */ = {isa = PBXFileReference; lastKnownFileType = sourcecode.swift; path = Contact.swift; sourceTree = "<group>"; };
/* End PBXFileReference section */

/* Begin PBXFrameworksBuildPhase section */
		779B1F692C07396700117C6E /* Frameworks */ = {
			isa = PBXFrameworksBuildPhase;
			buildActionMask = 2147483647;
			files = (
			);
			runOnlyForDeploymentPostprocessing = 0;
		};
/* End PBXFrameworksBuildPhase section */

/* Begin PBXGroup section */
		779B1F632C07396700117C6E = {
			isa = PBXGroup;
			children = (
				779B1F6E2C07396700117C6E /* ContactsApp_Firestore */,
				779B1F6D2C07396700117C6E /* Products */,
			);
			sourceTree = "<group>";
		};
		779B1F6D2C07396700117C6E /* Products */ = {
			isa = PBXGroup;
			children = (
				779B1F6C2C07396700117C6E /* ContactsApp_Firestore.app */,
			);
			name = Products;
			sourceTree = "<group>";
		};
		779B1F6E2C07396700117C6E /* ContactsApp_Firestore */ = {
			isa = PBXGroup;
			children = (
				779B1F6F2C07396700117C6E /* AppDelegate.swift */,
				779B1F712C07396700117C6E /* SceneDelegate.swift */,
				779B1F8C2C073CAB00117C6E /* ui */,
				779B1F8B2C073CA500117C6E /* data */,
				779B1F752C07396700117C6E /* Main.storyboard */,
				779B1F782C07396800117C6E /* Assets.xcassets */,
				779B1F7A2C07396800117C6E /* LaunchScreen.storyboard */,
				779B1F7D2C07396800117C6E /* Info.plist */,
			);
			path = ContactsApp_Firestore;
			sourceTree = "<group>";
		};
		779B1F8B2C073CA500117C6E /* data */ = {
			isa = PBXGroup;
			children = (
				779B1F912C073CE400117C6E /* repo */,
				779B1F902C073CDD00117C6E /* entity */,
			);
			path = data;
			sourceTree = "<group>";
		};
		779B1F8C2C073CAB00117C6E /* ui */ = {
			isa = PBXGroup;
			children = (
				779B1F8F2C073CD200117C6E /* viewmodels */,
				779B1F8E2C073CCA00117C6E /* tablecell */,
				779B1F8D2C073CB400117C6E /* views */,
			);
			path = ui;
			sourceTree = "<group>";
		};
		779B1F8D2C073CB400117C6E /* views */ = {
			isa = PBXGroup;
			children = (
				779B1F732C07396700117C6E /* HomePageVC.swift */,
				779B1F832C073BE500117C6E /* AddPersonVC.swift */,
				779B1F852C073BF600117C6E /* PersonDetailVC.swift */,
			);
			path = views;
			sourceTree = "<group>";
		};
		779B1F8E2C073CCA00117C6E /* tablecell */ = {
			isa = PBXGroup;
			children = (
				779B1F872C073C2500117C6E /* ContactCell.swift */,
			);
			path = tablecell;
			sourceTree = "<group>";
		};
		779B1F8F2C073CD200117C6E /* viewmodels */ = {
			isa = PBXGroup;
			children = (
			);
			path = viewmodels;
			sourceTree = "<group>";
		};
		779B1F902C073CDD00117C6E /* entity */ = {
			isa = PBXGroup;
			children = (
				779B1F892C073C3400117C6E /* Contact.swift */,
			);
			path = entity;
			sourceTree = "<group>";
		};
		779B1F912C073CE400117C6E /* repo */ = {
			isa = PBXGroup;
			children = (
			);
			path = repo;
			sourceTree = "<group>";
		};
/* End PBXGroup section */

/* Begin PBXNativeTarget section */
		779B1F6B2C07396700117C6E /* ContactsApp_Firestore */ = {
			isa = PBXNativeTarget;
			buildConfigurationList = 779B1F802C07396800117C6E /* Build configuration list for PBXNativeTarget "ContactsApp_Firestore" */;
			buildPhases = (
				779B1F682C07396700117C6E /* Sources */,
				779B1F692C07396700117C6E /* Frameworks */,
				779B1F6A2C07396700117C6E /* Resources */,
			);
			buildRules = (
			);
			dependencies = (
			);
			name = ContactsApp_Firestore;
			productName = ContactsApp_Firestore;
			productReference = 779B1F6C2C07396700117C6E /* ContactsApp_Firestore.app */;
			productType = "com.apple.product-type.application";
		};
/* End PBXNativeTarget section */

/* Begin PBXProject section */
		779B1F642C07396700117C6E /* Project object */ = {
			isa = PBXProject;
			attributes = {
				BuildIndependentTargetsInParallel = 1;
				LastSwiftUpdateCheck = 1510;
				LastUpgradeCheck = 1510;
				TargetAttributes = {
					779B1F6B2C07396700117C6E = {
						CreatedOnToolsVersion = 15.1;
					};
				};
			};
			buildConfigurationList = 779B1F672C07396700117C6E /* Build configuration list for PBXProject "ContactsApp_Firestore" */;
			compatibilityVersion = "Xcode 14.0";
			developmentRegion = en;
			hasScannedForEncodings = 0;
			knownRegions = (
				en,
				Base,
			);
			mainGroup = 779B1F632C07396700117C6E;
			productRefGroup = 779B1F6D2C07396700117C6E /* Products */;
			projectDirPath = "";
			projectRoot = "";
			targets = (
				779B1F6B2C07396700117C6E /* ContactsApp_Firestore */,
			);
		};
/* End PBXProject section */

/* Begin PBXResourcesBuildPhase section */
		779B1F6A2C07396700117C6E /* Resources */ = {
			isa = PBXResourcesBuildPhase;
			buildActionMask = 2147483647;
			files = (
				779B1F7C2C07396800117C6E /* LaunchScreen.storyboard in Resources */,
				779B1F792C07396800117C6E /* Assets.xcassets in Resources */,
				779B1F772C07396700117C6E /* Main.storyboard in Resources */,
			);
			runOnlyForDeploymentPostprocessing = 0;
		};
/* End PBXResourcesBuildPhase section */

/* Begin PBXSourcesBuildPhase section */
		779B1F682C07396700117C6E /* Sources */ = {
			isa = PBXSourcesBuildPhase;
			buildActionMask = 2147483647;
			files = (
				779B1F882C073C2500117C6E /* ContactCell.swift in Sources */,
				779B1F862C073BF600117C6E /* PersonDetailVC.swift in Sources */,
				779B1F742C07396700117C6E /* HomePageVC.swift in Sources */,
				779B1F842C073BE500117C6E /* AddPersonVC.swift in Sources */,
				779B1F702C07396700117C6E /* AppDelegate.swift in Sources */,
				779B1F722C07396700117C6E /* SceneDelegate.swift in Sources */,
				779B1F8A2C073C3400117C6E /* Contact.swift in Sources */,
			);
			runOnlyForDeploymentPostprocessing = 0;
		};
/* End PBXSourcesBuildPhase section */

/* Begin PBXVariantGroup section */
		779B1F752C07396700117C6E /* Main.storyboard */ = {
			isa = PBXVariantGroup;
			children = (
				779B1F762C07396700117C6E /* Base */,
			);
			name = Main.storyboard;
			sourceTree = "<group>";
		};
		779B1F7A2C07396800117C6E /* LaunchScreen.storyboard */ = {
			isa = PBXVariantGroup;
			children = (
				779B1F7B2C07396800117C6E /* Base */,
			);
			name = LaunchScreen.storyboard;
			sourceTree = "<group>";
		};
/* End PBXVariantGroup section */

/* Begin XCBuildConfiguration section */
		779B1F7E2C07396800117C6E /* Debug */ = {
			isa = XCBuildConfiguration;
			buildSettings = {
				ALWAYS_SEARCH_USER_PATHS = NO;
				ASSETCATALOG_COMPILER_GENERATE_SWIFT_ASSET_SYMBOL_EXTENSIONS = YES;
				CLANG_ANALYZER_NONNULL = YES;
				CLANG_ANALYZER_NUMBER_OBJECT_CONVERSION = YES_AGGRESSIVE;
				CLANG_CXX_LANGUAGE_STANDARD = "gnu++20";
				CLANG_ENABLE_MODULES = YES;
				CLANG_ENABLE_OBJC_ARC = YES;
				CLANG_ENABLE_OBJC_WEAK = YES;
				CLANG_WARN_BLOCK_CAPTURE_AUTORELEASING = YES;
				CLANG_WARN_BOOL_CONVERSION = YES;
				CLANG_WARN_COMMA = YES;
				CLANG_WARN_CONSTANT_CONVERSION = YES;
				CLANG_WARN_DEPRECATED_OBJC_IMPLEMENTATIONS = YES;
				CLANG_WARN_DIRECT_OBJC_ISA_USAGE = YES_ERROR;
				CLANG_WARN_DOCUMENTATION_COMMENTS = YES;
				CLANG_WARN_EMPTY_BODY = YES;
				CLANG_WARN_ENUM_CONVERSION = YES;
				CLANG_WARN_INFINITE_RECURSION = YES;
				CLANG_WARN_INT_CONVERSION = YES;
				CLANG_WARN_NON_LITERAL_NULL_CONVERSION = YES;
				CLANG_WARN_OBJC_IMPLICIT_RETAIN_SELF = YES;
				CLANG_WARN_OBJC_LITERAL_CONVERSION = YES;
				CLANG_WARN_OBJC_ROOT_CLASS = YES_ERROR;
				CLANG_WARN_QUOTED_INCLUDE_IN_FRAMEWORK_HEADER = YES;
				CLANG_WARN_RANGE_LOOP_ANALYSIS = YES;
				CLANG_WARN_STRICT_PROTOTYPES = YES;
				CLANG_WARN_SUSPICIOUS_MOVE = YES;
				CLANG_WARN_UNGUARDED_AVAILABILITY = YES_AGGRESSIVE;
				CLANG_WARN_UNREACHABLE_CODE = YES;
				CLANG_WARN__DUPLICATE_METHOD_MATCH = YES;
				COPY_PHASE_STRIP = NO;
				DEBUG_INFORMATION_FORMAT = dwarf;
				ENABLE_STRICT_OBJC_MSGSEND = YES;
				ENABLE_TESTABILITY = YES;
				ENABLE_USER_SCRIPT_SANDBOXING = YES;
				GCC_C_LANGUAGE_STANDARD = gnu17;
				GCC_DYNAMIC_NO_PIC = NO;
				GCC_NO_COMMON_BLOCKS = YES;
				GCC_OPTIMIZATION_LEVEL = 0;
				GCC_PREPROCESSOR_DEFINITIONS = (
					"DEBUG=1",
					"$(inherited)",
				);
				GCC_WARN_64_TO_32_BIT_CONVERSION = YES;
				GCC_WARN_ABOUT_RETURN_TYPE = YES_ERROR;
				GCC_WARN_UNDECLARED_SELECTOR = YES;
				GCC_WARN_UNINITIALIZED_AUTOS = YES_AGGRESSIVE;
				GCC_WARN_UNUSED_FUNCTION = YES;
				GCC_WARN_UNUSED_VARIABLE = YES;
				IPHONEOS_DEPLOYMENT_TARGET = 17.2;
				LOCALIZATION_PREFERS_STRING_CATALOGS = YES;
				MTL_ENABLE_DEBUG_INFO = INCLUDE_SOURCE;
				MTL_FAST_MATH = YES;
				ONLY_ACTIVE_ARCH = YES;
				SDKROOT = iphoneos;
				SWIFT_ACTIVE_COMPILATION_CONDITIONS = "DEBUG $(inherited)";
				SWIFT_OPTIMIZATION_LEVEL = "-Onone";
			};
			name = Debug;
		};
		779B1F7F2C07396800117C6E /* Release */ = {
			isa = XCBuildConfiguration;
			buildSettings = {
				ALWAYS_SEARCH_USER_PATHS = NO;
				ASSETCATALOG_COMPILER_GENERATE_SWIFT_ASSET_SYMBOL_EXTENSIONS = YES;
				CLANG_ANALYZER_NONNULL = YES;
				CLANG_ANALYZER_NUMBER_OBJECT_CONVERSION = YES_AGGRESSIVE;
				CLANG_CXX_LANGUAGE_STANDARD = "gnu++20";
				CLANG_ENABLE_MODULES = YES;
				CLANG_ENABLE_OBJC_ARC = YES;
				CLANG_ENABLE_OBJC_WEAK = YES;
				CLANG_WARN_BLOCK_CAPTURE_AUTORELEASING = YES;
				CLANG_WARN_BOOL_CONVERSION = YES;
				CLANG_WARN_COMMA = YES;
				CLANG_WARN_CONSTANT_CONVERSION = YES;
				CLANG_WARN_DEPRECATED_OBJC_IMPLEMENTATIONS = YES;
				CLANG_WARN_DIRECT_OBJC_ISA_USAGE = YES_ERROR;
				CLANG_WARN_DOCUMENTATION_COMMENTS = YES;
				CLANG_WARN_EMPTY_BODY = YES;
				CLANG_WARN_ENUM_CONVERSION = YES;
				CLANG_WARN_INFINITE_RECURSION = YES;
				CLANG_WARN_INT_CONVERSION = YES;
				CLANG_WARN_NON_LITERAL_NULL_CONVERSION = YES;
				CLANG_WARN_OBJC_IMPLICIT_RETAIN_SELF = YES;
				CLANG_WARN_OBJC_LITERAL_CONVERSION = YES;
				CLANG_WARN_OBJC_ROOT_CLASS = YES_ERROR;
				CLANG_WARN_QUOTED_INCLUDE_IN_FRAMEWORK_HEADER = YES;
				CLANG_WARN_RANGE_LOOP_ANALYSIS = YES;
				CLANG_WARN_STRICT_PROTOTYPES = YES;
				CLANG_WARN_SUSPICIOUS_MOVE = YES;
				CLANG_WARN_UNGUARDED_AVAILABILITY = YES_AGGRESSIVE;
				CLANG_WARN_UNREACHABLE_CODE = YES;
				CLANG_WARN__DUPLICATE_METHOD_MATCH = YES;
				COPY_PHASE_STRIP = NO;
				DEBUG_INFORMATION_FORMAT = "dwarf-with-dsym";
				ENABLE_NS_ASSERTIONS = NO;
				ENABLE_STRICT_OBJC_MSGSEND = YES;
				ENABLE_USER_SCRIPT_SANDBOXING = YES;
				GCC_C_LANGUAGE_STANDARD = gnu17;
				GCC_NO_COMMON_BLOCKS = YES;
				GCC_WARN_64_TO_32_BIT_CONVERSION = YES;
				GCC_WARN_ABOUT_RETURN_TYPE = YES_ERROR;
				GCC_WARN_UNDECLARED_SELECTOR = YES;
				GCC_WARN_UNINITIALIZED_AUTOS = YES_AGGRESSIVE;
				GCC_WARN_UNUSED_FUNCTION = YES;
				GCC_WARN_UNUSED_VARIABLE = YES;
				IPHONEOS_DEPLOYMENT_TARGET = 17.2;
				LOCALIZATION_PREFERS_STRING_CATALOGS = YES;
				MTL_ENABLE_DEBUG_INFO = NO;
				MTL_FAST_MATH = YES;
				SDKROOT = iphoneos;
				SWIFT_COMPILATION_MODE = wholemodule;
				VALIDATE_PRODUCT = YES;
			};
			name = Release;
		};
		779B1F812C07396800117C6E /* Debug */ = {
			isa = XCBuildConfiguration;
			buildSettings = {
				ASSETCATALOG_COMPILER_APPICON_NAME = AppIcon;
				ASSETCATALOG_COMPILER_GLOBAL_ACCENT_COLOR_NAME = AccentColor;
				CODE_SIGN_STYLE = Automatic;
				CURRENT_PROJECT_VERSION = 1;
				DEVELOPMENT_TEAM = 24F98Z3S44;
				GENERATE_INFOPLIST_FILE = YES;
				INFOPLIST_FILE = ContactsApp_Firestore/Info.plist;
				INFOPLIST_KEY_UIApplicationSupportsIndirectInputEvents = YES;
				INFOPLIST_KEY_UILaunchStoryboardName = LaunchScreen;
				INFOPLIST_KEY_UIMainStoryboardFile = Main;
				INFOPLIST_KEY_UISupportedInterfaceOrientations_iPad = "UIInterfaceOrientationPortrait UIInterfaceOrientationPortraitUpsideDown UIInterfaceOrientationLandscapeLeft UIInterfaceOrientationLandscapeRight";
				INFOPLIST_KEY_UISupportedInterfaceOrientations_iPhone = "UIInterfaceOrientationPortrait UIInterfaceOrientationLandscapeLeft UIInterfaceOrientationLandscapeRight";
				LD_RUNPATH_SEARCH_PATHS = (
					"$(inherited)",
					"@executable_path/Frameworks",
				);
				MARKETING_VERSION = 1.0;
				PRODUCT_BUNDLE_IDENTIFIER = "com.onurcankurt.ContactsApp-Firestore";
				PRODUCT_NAME = "$(TARGET_NAME)";
				SWIFT_EMIT_LOC_STRINGS = YES;
				SWIFT_VERSION = 5.0;
				TARGETED_DEVICE_FAMILY = "1,2";
			};
			name = Debug;
		};
		779B1F822C07396800117C6E /* Release */ = {
			isa = XCBuildConfiguration;
			buildSettings = {
				ASSETCATALOG_COMPILER_APPICON_NAME = AppIcon;
				ASSETCATALOG_COMPILER_GLOBAL_ACCENT_COLOR_NAME = AccentColor;
				CODE_SIGN_STYLE = Automatic;
				CURRENT_PROJECT_VERSION = 1;
				DEVELOPMENT_TEAM = 24F98Z3S44;
				GENERATE_INFOPLIST_FILE = YES;
				INFOPLIST_FILE = ContactsApp_Firestore/Info.plist;
				INFOPLIST_KEY_UIApplicationSupportsIndirectInputEvents = YES;
				INFOPLIST_KEY_UILaunchStoryboardName = LaunchScreen;
				INFOPLIST_KEY_UIMainStoryboardFile = Main;
				INFOPLIST_KEY_UISupportedInterfaceOrientations_iPad = "UIInterfaceOrientationPortrait UIInterfaceOrientationPortraitUpsideDown UIInterfaceOrientationLandscapeLeft UIInterfaceOrientationLandscapeRight";
				INFOPLIST_KEY_UISupportedInterfaceOrientations_iPhone = "UIInterfaceOrientationPortrait UIInterfaceOrientationLandscapeLeft UIInterfaceOrientationLandscapeRight";
				LD_RUNPATH_SEARCH_PATHS = (
					"$(inherited)",
					"@executable_path/Frameworks",
				);
				MARKETING_VERSION = 1.0;
				PRODUCT_BUNDLE_IDENTIFIER = "com.onurcankurt.ContactsApp-Firestore";
				PRODUCT_NAME = "$(TARGET_NAME)";
				SWIFT_EMIT_LOC_STRINGS = YES;
				SWIFT_VERSION = 5.0;
				TARGETED_DEVICE_FAMILY = "1,2";
			};
			name = Release;
		};
/* End XCBuildConfiguration section */

/* Begin XCConfigurationList section */
		779B1F672C07396700117C6E /* Build configuration list for PBXProject "ContactsApp_Firestore" */ = {
			isa = XCConfigurationList;
			buildConfigurations = (
				779B1F7E2C07396800117C6E /* Debug */,
				779B1F7F2C07396800117C6E /* Release */,
			);
			defaultConfigurationIsVisible = 0;
			defaultConfigurationName = Release;
		};
		779B1F802C07396800117C6E /* Build configuration list for PBXNativeTarget "ContactsApp_Firestore" */ = {
			isa = XCConfigurationList;
			buildConfigurations = (
				779B1F812C07396800117C6E /* Debug */,
				779B1F822C07396800117C6E /* Release */,
			);
			defaultConfigurationIsVisible = 0;
			defaultConfigurationName = Release;
		};
/* End XCConfigurationList section */
	};
	rootObject = 779B1F642C07396700117C6E /* Project object */;
}
